
Microsoft Visual Studio Solution File, Format Version 12.00
Project("{FAE04EC0-301F-11D3-BF4B-00C04F79EFBC}") = "GameStory", "GameStory\GameStory.csproj", "{F6F15EBC-E279-4960-89B9-39133CD69203}"
EndProject
Project("{FAE04EC0-301F-11D3-BF4B-00C04F79EFBC}") = "GameCore", "GameCore\GameCore.csproj", "{36ACA96E-E5E3-4D59-8A35-6E93C9ACFA58}"
EndProject
Global
	GlobalSection(SolutionConfigurationPlatforms) = preSolution
		Debug|Any CPU = Debug|Any CPU
		Release|Any CPU = Release|Any CPU
	EndGlobalSection
	GlobalSection(ProjectConfigurationPlatforms) = postSolution
		{F6F15EBC-E279-4960-89B9-39133CD69203}.Debug|Any CPU.ActiveCfg = Debug|Any CPU
		{F6F15EBC-E279-4960-89B9-39133CD69203}.Debug|Any CPU.Build.0 = Debug|Any CPU
		{F6F15EBC-E279-4960-89B9-39133CD69203}.Release|Any CPU.ActiveCfg = Release|Any CPU
		{F6F15EBC-E279-4960-89B9-39133CD69203}.Release|Any CPU.Build.0 = Release|Any CPU
		{36ACA96E-E5E3-4D59-8A35-6E93C9ACFA58}.Debug|Any CPU.ActiveCfg = Debug|Any CPU
		{36ACA96E-E5E3-4D59-8A35-6E93C9ACFA58}.Debug|Any CPU.Build.0 = Debug|Any CPU
		{36ACA96E-E5E3-4D59-8A35-6E93C9ACFA58}.Release|Any CPU.ActiveCfg = Release|Any CPU
		{36ACA96E-E5E3-4D59-8A35-6E93C9ACFA58}.Release|Any CPU.Build.0 = Release|Any CPU
	EndGlobalSection
EndGlobal
